// !$*UTF8*$!
{
	archiveVersion = 1;
	classes = {
	};
	objectVersion = 56;
	objects = {

/* Begin PBXBuildFile section */
		0801FC2B2BBA43A500A47885 /* KeeperApp.swift in Sources */ = {isa = PBXBuildFile; fileRef = 0801FC2A2BBA43A500A47885 /* KeeperApp.swift */; };
		0801FC2D2BBA43A500A47885 /* ContentView.swift in Sources */ = {isa = PBXBuildFile; fileRef = 0801FC2C2BBA43A500A47885 /* ContentView.swift */; };
		0801FC2F2BBA43A600A47885 /* Assets.xcassets in Resources */ = {isa = PBXBuildFile; fileRef = 0801FC2E2BBA43A600A47885 /* Assets.xcassets */; };
		0801FC322BBA43A600A47885 /* Preview Assets.xcassets in Resources */ = {isa = PBXBuildFile; fileRef = 0801FC312BBA43A600A47885 /* Preview Assets.xcassets */; };
		0801FC3B2BBA449500A47885 /* MenuStatusViewModel.swift in Sources */ = {isa = PBXBuildFile; fileRef = 0801FC3A2BBA449500A47885 /* MenuStatusViewModel.swift */; };
		0801FC3F2BBA4ED600A47885 /* MenuItem.swift in Sources */ = {isa = PBXBuildFile; fileRef = 0801FC3E2BBA4ED600A47885 /* MenuItem.swift */; };
		0801FC422BBA594500A47885 /* Duration.swift in Sources */ = {isa = PBXBuildFile; fileRef = 0801FC412BBA594500A47885 /* Duration.swift */; };
		0801FC452BBAB6CB00A47885 /* AssertionManager.swift in Sources */ = {isa = PBXBuildFile; fileRef = 0801FC442BBAB6CB00A47885 /* AssertionManager.swift */; };
		0801FC472BBBA07100A47885 /* About.swift in Sources */ = {isa = PBXBuildFile; fileRef = 0801FC462BBBA07100A47885 /* About.swift */; };
		08E54B852BBC41DA00D381E3 /* LaunchHelper.app in CopyFiles */ = {isa = PBXBuildFile; fileRef = 08F312622BBC30CB00AF4044 /* LaunchHelper.app */; settings = {ATTRIBUTES = (RemoveHeadersOnCopy, ); }; };
		08F016782BC931BE009CD815 /* LauncherApp.swift in Sources */ = {isa = PBXBuildFile; fileRef = 08F016772BC931BE009CD815 /* LauncherApp.swift */; };
		08F312652BBC30CB00AF4044 /* AppDelegate.swift in Sources */ = {isa = PBXBuildFile; fileRef = 08F312642BBC30CB00AF4044 /* AppDelegate.swift */; };
		08F312672BBC30CD00AF4044 /* Assets.xcassets in Resources */ = {isa = PBXBuildFile; fileRef = 08F312662BBC30CD00AF4044 /* Assets.xcassets */; };
/* End PBXBuildFile section */

/* Begin PBXCopyFilesBuildPhase section */
		08E54B842BBC41C500D381E3 /* CopyFiles */ = {
			isa = PBXCopyFilesBuildPhase;
			buildActionMask = 2147483647;
			dstPath = Contents/Library/LoginItems;
			dstSubfolderSpec = 1;
			files = (
				08E54B852BBC41DA00D381E3 /* LaunchHelper.app in CopyFiles */,
			);
			runOnlyForDeploymentPostprocessing = 0;
		};
/* End PBXCopyFilesBuildPhase section */

/* Begin PBXFileReference section */
		0801FC272BBA43A500A47885 /* Keeper.app */ = {isa = PBXFileReference; explicitFileType = wrapper.application; includeInIndex = 0; path = Keeper.app; sourceTree = BUILT_PRODUCTS_DIR; };
		0801FC2A2BBA43A500A47885 /* KeeperApp.swift */ = {isa = PBXFileReference; lastKnownFileType = sourcecode.swift; path = KeeperApp.swift; sourceTree = "<group>"; };
		0801FC2C2BBA43A500A47885 /* ContentView.swift */ = {isa = PBXFileReference; lastKnownFileType = sourcecode.swift; path = ContentView.swift; sourceTree = "<group>"; };
		0801FC2E2BBA43A600A47885 /* Assets.xcassets */ = {isa = PBXFileReference; lastKnownFileType = folder.assetcatalog; path = Assets.xcassets; sourceTree = "<group>"; };
		0801FC312BBA43A600A47885 /* Preview Assets.xcassets */ = {isa = PBXFileReference; lastKnownFileType = folder.assetcatalog; path = "Preview Assets.xcassets"; sourceTree = "<group>"; };
		0801FC332BBA43A600A47885 /* Keeper.entitlements */ = {isa = PBXFileReference; lastKnownFileType = text.plist.entitlements; path = Keeper.entitlements; sourceTree = "<group>"; };
		0801FC3A2BBA449500A47885 /* MenuStatusViewModel.swift */ = {isa = PBXFileReference; lastKnownFileType = sourcecode.swift; path = MenuStatusViewModel.swift; sourceTree = "<group>"; };
		0801FC3E2BBA4ED600A47885 /* MenuItem.swift */ = {isa = PBXFileReference; lastKnownFileType = sourcecode.swift; path = MenuItem.swift; sourceTree = "<group>"; };
		0801FC412BBA594500A47885 /* Duration.swift */ = {isa = PBXFileReference; lastKnownFileType = sourcecode.swift; path = Duration.swift; sourceTree = "<group>"; };
		0801FC442BBAB6CB00A47885 /* AssertionManager.swift */ = {isa = PBXFileReference; lastKnownFileType = sourcecode.swift; path = AssertionManager.swift; sourceTree = "<group>"; };
		0801FC462BBBA07100A47885 /* About.swift */ = {isa = PBXFileReference; lastKnownFileType = sourcecode.swift; path = About.swift; sourceTree = "<group>"; };
		08F016772BC931BE009CD815 /* LauncherApp.swift */ = {isa = PBXFileReference; lastKnownFileType = sourcecode.swift; path = LauncherApp.swift; sourceTree = "<group>"; };
		08F312622BBC30CB00AF4044 /* LaunchHelper.app */ = {isa = PBXFileReference; explicitFileType = wrapper.application; includeInIndex = 0; path = LaunchHelper.app; sourceTree = BUILT_PRODUCTS_DIR; };
		08F312642BBC30CB00AF4044 /* AppDelegate.swift */ = {isa = PBXFileReference; lastKnownFileType = sourcecode.swift; path = AppDelegate.swift; sourceTree = "<group>"; };
		08F312662BBC30CD00AF4044 /* Assets.xcassets */ = {isa = PBXFileReference; lastKnownFileType = folder.assetcatalog; path = Assets.xcassets; sourceTree = "<group>"; };
		08F3126B2BBC30CD00AF4044 /* LaunchHelper.entitlements */ = {isa = PBXFileReference; lastKnownFileType = text.plist.entitlements; path = LaunchHelper.entitlements; sourceTree = "<group>"; };
/* End PBXFileReference section */

/* Begin PBXFrameworksBuildPhase section */
		0801FC242BBA43A500A47885 /* Frameworks */ = {
			isa = PBXFrameworksBuildPhase;
			buildActionMask = 2147483647;
			files = (
			);
			runOnlyForDeploymentPostprocessing = 0;
		};
		08F3125F2BBC30CB00AF4044 /* Frameworks */ = {
			isa = PBXFrameworksBuildPhase;
			buildActionMask = 2147483647;
			files = (
			);
			runOnlyForDeploymentPostprocessing = 0;
		};
/* End PBXFrameworksBuildPhase section */

/* Begin PBXGroup section */
		0801FC1E2BBA43A500A47885 = {
			isa = PBXGroup;
			children = (
				0801FC292BBA43A500A47885 /* Keeper */,
				08F312632BBC30CB00AF4044 /* LaunchHelper */,
				0801FC282BBA43A500A47885 /* Products */,
				08B6C2F92BC4C47A001FD4BF /* Frameworks */,
			);
			sourceTree = "<group>";
		};
		0801FC282BBA43A500A47885 /* Products */ = {
			isa = PBXGroup;
			children = (
				0801FC272BBA43A500A47885 /* Keeper.app */,
				08F312622BBC30CB00AF4044 /* LaunchHelper.app */,
			);
			name = Products;
			sourceTree = "<group>";
		};
		0801FC292BBA43A500A47885 /* Keeper */ = {
			isa = PBXGroup;
			children = (
				0801FC432BBAB6BB00A47885 /* Utils */,
				0801FC402BBA593700A47885 /* Model */,
				0801FC392BBA447D00A47885 /* ViewModel */,
				0801FC2A2BBA43A500A47885 /* KeeperApp.swift */,
				0801FC2C2BBA43A500A47885 /* ContentView.swift */,
				0801FC2E2BBA43A600A47885 /* Assets.xcassets */,
				0801FC332BBA43A600A47885 /* Keeper.entitlements */,
				0801FC302BBA43A600A47885 /* Preview Content */,
				0801FC3E2BBA4ED600A47885 /* MenuItem.swift */,
				0801FC462BBBA07100A47885 /* About.swift */,
			);
			path = Keeper;
			sourceTree = "<group>";
		};
		0801FC302BBA43A600A47885 /* Preview Content */ = {
			isa = PBXGroup;
			children = (
				0801FC312BBA43A600A47885 /* Preview Assets.xcassets */,
			);
			path = "Preview Content";
			sourceTree = "<group>";
		};
		0801FC392BBA447D00A47885 /* ViewModel */ = {
			isa = PBXGroup;
			children = (
				0801FC3A2BBA449500A47885 /* MenuStatusViewModel.swift */,
			);
			path = ViewModel;
			sourceTree = "<group>";
		};
		0801FC402BBA593700A47885 /* Model */ = {
			isa = PBXGroup;
			children = (
				0801FC412BBA594500A47885 /* Duration.swift */,
			);
			path = Model;
			sourceTree = "<group>";
		};
		0801FC432BBAB6BB00A47885 /* Utils */ = {
			isa = PBXGroup;
			children = (
				0801FC442BBAB6CB00A47885 /* AssertionManager.swift */,
			);
			path = Utils;
			sourceTree = "<group>";
		};
		08B6C2F92BC4C47A001FD4BF /* Frameworks */ = {
			isa = PBXGroup;
			children = (
			);
			name = Frameworks;
			sourceTree = "<group>";
		};
		08F312632BBC30CB00AF4044 /* LaunchHelper */ = {
			isa = PBXGroup;
			children = (
				08F312642BBC30CB00AF4044 /* AppDelegate.swift */,
				08F312662BBC30CD00AF4044 /* Assets.xcassets */,
				08F3126B2BBC30CD00AF4044 /* LaunchHelper.entitlements */,
				08F016772BC931BE009CD815 /* LauncherApp.swift */,
			);
			path = LaunchHelper;
			sourceTree = "<group>";
		};
/* End PBXGroup section */

/* Begin PBXNativeTarget section */
		0801FC262BBA43A500A47885 /* Keeper */ = {
			isa = PBXNativeTarget;
			buildConfigurationList = 0801FC362BBA43A600A47885 /* Build configuration list for PBXNativeTarget "Keeper" */;
			buildPhases = (
				0801FC232BBA43A500A47885 /* Sources */,
				0801FC242BBA43A500A47885 /* Frameworks */,
				0801FC252BBA43A500A47885 /* Resources */,
				08E54B842BBC41C500D381E3 /* CopyFiles */,
			);
			buildRules = (
			);
			dependencies = (
			);
			name = Keeper;
			packageProductDependencies = (
			);
			productName = Keeper2;
			productReference = 0801FC272BBA43A500A47885 /* Keeper.app */;
			productType = "com.apple.product-type.application";
		};
		08F312612BBC30CB00AF4044 /* LaunchHelper */ = {
			isa = PBXNativeTarget;
			buildConfigurationList = 08F3126C2BBC30CD00AF4044 /* Build configuration list for PBXNativeTarget "LaunchHelper" */;
			buildPhases = (
				08F3125E2BBC30CB00AF4044 /* Sources */,
				08F3125F2BBC30CB00AF4044 /* Frameworks */,
				08F312602BBC30CB00AF4044 /* Resources */,
			);
			buildRules = (
			);
			dependencies = (
			);
			name = LaunchHelper;
			productName = LaunchHelper;
			productReference = 08F312622BBC30CB00AF4044 /* LaunchHelper.app */;
			productType = "com.apple.product-type.application";
		};
/* End PBXNativeTarget section */

/* Begin PBXProject section */
		0801FC1F2BBA43A500A47885 /* Project object */ = {
			isa = PBXProject;
			attributes = {
				BuildIndependentTargetsInParallel = 1;
				LastSwiftUpdateCheck = 1420;
				LastUpgradeCheck = 1530;
				TargetAttributes = {
					0801FC262BBA43A500A47885 = {
						CreatedOnToolsVersion = 15.3;
					};
					08F312612BBC30CB00AF4044 = {
						CreatedOnToolsVersion = 14.2;
					};
				};
			};
			buildConfigurationList = 0801FC222BBA43A500A47885 /* Build configuration list for PBXProject "Keeper" */;
			compatibilityVersion = "Xcode 14.0";
			developmentRegion = en;
			hasScannedForEncodings = 0;
			knownRegions = (
				en,
				Base,
			);
			mainGroup = 0801FC1E2BBA43A500A47885;
			packageReferences = (
			);
			productRefGroup = 0801FC282BBA43A500A47885 /* Products */;
			projectDirPath = "";
			projectRoot = "";
			targets = (
				0801FC262BBA43A500A47885 /* Keeper */,
				08F312612BBC30CB00AF4044 /* LaunchHelper */,
			);
		};
/* End PBXProject section */

/* Begin PBXResourcesBuildPhase section */
		0801FC252BBA43A500A47885 /* Resources */ = {
			isa = PBXResourcesBuildPhase;
			buildActionMask = 2147483647;
			files = (
				0801FC322BBA43A600A47885 /* Preview Assets.xcassets in Resources */,
				0801FC2F2BBA43A600A47885 /* Assets.xcassets in Resources */,
			);
			runOnlyForDeploymentPostprocessing = 0;
		};
		08F312602BBC30CB00AF4044 /* Resources */ = {
			isa = PBXResourcesBuildPhase;
			buildActionMask = 2147483647;
			files = (
				08F312672BBC30CD00AF4044 /* Assets.xcassets in Resources */,
			);
			runOnlyForDeploymentPostprocessing = 0;
		};
/* End PBXResourcesBuildPhase section */

/* Begin PBXSourcesBuildPhase section */
		0801FC232BBA43A500A47885 /* Sources */ = {
			isa = PBXSourcesBuildPhase;
			buildActionMask = 2147483647;
			files = (
				0801FC422BBA594500A47885 /* Duration.swift in Sources */,
				0801FC2D2BBA43A500A47885 /* ContentView.swift in Sources */,
				0801FC472BBBA07100A47885 /* About.swift in Sources */,
				0801FC452BBAB6CB00A47885 /* AssertionManager.swift in Sources */,
				0801FC3F2BBA4ED600A47885 /* MenuItem.swift in Sources */,
				0801FC3B2BBA449500A47885 /* MenuStatusViewModel.swift in Sources */,
				0801FC2B2BBA43A500A47885 /* KeeperApp.swift in Sources */,
			);
			runOnlyForDeploymentPostprocessing = 0;
		};
		08F3125E2BBC30CB00AF4044 /* Sources */ = {
			isa = PBXSourcesBuildPhase;
			buildActionMask = 2147483647;
			files = (
				08F312652BBC30CB00AF4044 /* AppDelegate.swift in Sources */,
				08F016782BC931BE009CD815 /* LauncherApp.swift in Sources */,
			);
			runOnlyForDeploymentPostprocessing = 0;
		};
/* End PBXSourcesBuildPhase section */

/* Begin XCBuildConfiguration section */
		0801FC342BBA43A600A47885 /* Debug */ = {
			isa = XCBuildConfiguration;
			buildSettings = {
				ALWAYS_SEARCH_USER_PATHS = NO;
				ASSETCATALOG_COMPILER_GENERATE_SWIFT_ASSET_SYMBOL_EXTENSIONS = YES;
				CLANG_ANALYZER_NONNULL = YES;
				CLANG_ANALYZER_NUMBER_OBJECT_CONVERSION = YES_AGGRESSIVE;
				CLANG_CXX_LANGUAGE_STANDARD = "gnu++20";
				CLANG_ENABLE_MODULES = YES;
				CLANG_ENABLE_OBJC_ARC = YES;
				CLANG_ENABLE_OBJC_WEAK = YES;
				CLANG_WARN_BLOCK_CAPTURE_AUTORELEASING = YES;
				CLANG_WARN_BOOL_CONVERSION = YES;
				CLANG_WARN_COMMA = YES;
				CLANG_WARN_CONSTANT_CONVERSION = YES;
				CLANG_WARN_DEPRECATED_OBJC_IMPLEMENTATIONS = YES;
				CLANG_WARN_DIRECT_OBJC_ISA_USAGE = YES_ERROR;
				CLANG_WARN_DOCUMENTATION_COMMENTS = YES;
				CLANG_WARN_EMPTY_BODY = YES;
				CLANG_WARN_ENUM_CONVERSION = YES;
				CLANG_WARN_INFINITE_RECURSION = YES;
				CLANG_WARN_INT_CONVERSION = YES;
				CLANG_WARN_NON_LITERAL_NULL_CONVERSION = YES;
				CLANG_WARN_OBJC_IMPLICIT_RETAIN_SELF = YES;
				CLANG_WARN_OBJC_LITERAL_CONVERSION = YES;
				CLANG_WARN_OBJC_ROOT_CLASS = YES_ERROR;
				CLANG_WARN_QUOTED_INCLUDE_IN_FRAMEWORK_HEADER = YES;
				CLANG_WARN_RANGE_LOOP_ANALYSIS = YES;
				CLANG_WARN_STRICT_PROTOTYPES = YES;
				CLANG_WARN_SUSPICIOUS_MOVE = YES;
				CLANG_WARN_UNGUARDED_AVAILABILITY = YES_AGGRESSIVE;
				CLANG_WARN_UNREACHABLE_CODE = YES;
				CLANG_WARN__DUPLICATE_METHOD_MATCH = YES;
				COPY_PHASE_STRIP = NO;
				DEBUG_INFORMATION_FORMAT = dwarf;
				ENABLE_STRICT_OBJC_MSGSEND = YES;
				ENABLE_TESTABILITY = YES;
				ENABLE_USER_SCRIPT_SANDBOXING = YES;
				GCC_C_LANGUAGE_STANDARD = gnu17;
				GCC_DYNAMIC_NO_PIC = NO;
				GCC_NO_COMMON_BLOCKS = YES;
				GCC_OPTIMIZATION_LEVEL = 0;
				GCC_PREPROCESSOR_DEFINITIONS = (
					"DEBUG=1",
					"$(inherited)",
				);
				GCC_WARN_64_TO_32_BIT_CONVERSION = YES;
				GCC_WARN_ABOUT_RETURN_TYPE = YES_ERROR;
				GCC_WARN_UNDECLARED_SELECTOR = YES;
				GCC_WARN_UNINITIALIZED_AUTOS = YES_AGGRESSIVE;
				GCC_WARN_UNUSED_FUNCTION = YES;
				GCC_WARN_UNUSED_VARIABLE = YES;
				LOCALIZATION_PREFERS_STRING_CATALOGS = YES;
				MACOSX_DEPLOYMENT_TARGET = 12.4;
				MTL_ENABLE_DEBUG_INFO = INCLUDE_SOURCE;
				MTL_FAST_MATH = YES;
				ONLY_ACTIVE_ARCH = YES;
				SDKROOT = macosx;
				SWIFT_ACTIVE_COMPILATION_CONDITIONS = "DEBUG $(inherited)";
				SWIFT_OPTIMIZATION_LEVEL = "-Onone";
			};
			name = Debug;
		};
		0801FC352BBA43A600A47885 /* Release */ = {
			isa = XCBuildConfiguration;
			buildSettings = {
				ALWAYS_SEARCH_USER_PATHS = NO;
				ASSETCATALOG_COMPILER_GENERATE_SWIFT_ASSET_SYMBOL_EXTENSIONS = YES;
				CLANG_ANALYZER_NONNULL = YES;
				CLANG_ANALYZER_NUMBER_OBJECT_CONVERSION = YES_AGGRESSIVE;
				CLANG_CXX_LANGUAGE_STANDARD = "gnu++20";
				CLANG_ENABLE_MODULES = YES;
				CLANG_ENABLE_OBJC_ARC = YES;
				CLANG_ENABLE_OBJC_WEAK = YES;
				CLANG_WARN_BLOCK_CAPTURE_AUTORELEASING = YES;
				CLANG_WARN_BOOL_CONVERSION = YES;
				CLANG_WARN_COMMA = YES;
				CLANG_WARN_CONSTANT_CONVERSION = YES;
				CLANG_WARN_DEPRECATED_OBJC_IMPLEMENTATIONS = YES;
				CLANG_WARN_DIRECT_OBJC_ISA_USAGE = YES_ERROR;
				CLANG_WARN_DOCUMENTATION_COMMENTS = YES;
				CLANG_WARN_EMPTY_BODY = YES;
				CLANG_WARN_ENUM_CONVERSION = YES;
				CLANG_WARN_INFINITE_RECURSION = YES;
				CLANG_WARN_INT_CONVERSION = YES;
				CLANG_WARN_NON_LITERAL_NULL_CONVERSION = YES;
				CLANG_WARN_OBJC_IMPLICIT_RETAIN_SELF = YES;
				CLANG_WARN_OBJC_LITERAL_CONVERSION = YES;
				CLANG_WARN_OBJC_ROOT_CLASS = YES_ERROR;
				CLANG_WARN_QUOTED_INCLUDE_IN_FRAMEWORK_HEADER = YES;
				CLANG_WARN_RANGE_LOOP_ANALYSIS = YES;
				CLANG_WARN_STRICT_PROTOTYPES = YES;
				CLANG_WARN_SUSPICIOUS_MOVE = YES;
				CLANG_WARN_UNGUARDED_AVAILABILITY = YES_AGGRESSIVE;
				CLANG_WARN_UNREACHABLE_CODE = YES;
				CLANG_WARN__DUPLICATE_METHOD_MATCH = YES;
				COPY_PHASE_STRIP = NO;
				DEBUG_INFORMATION_FORMAT = "dwarf-with-dsym";
				ENABLE_NS_ASSERTIONS = NO;
				ENABLE_STRICT_OBJC_MSGSEND = YES;
				ENABLE_USER_SCRIPT_SANDBOXING = YES;
				GCC_C_LANGUAGE_STANDARD = gnu17;
				GCC_NO_COMMON_BLOCKS = YES;
				GCC_WARN_64_TO_32_BIT_CONVERSION = YES;
				GCC_WARN_ABOUT_RETURN_TYPE = YES_ERROR;
				GCC_WARN_UNDECLARED_SELECTOR = YES;
				GCC_WARN_UNINITIALIZED_AUTOS = YES_AGGRESSIVE;
				GCC_WARN_UNUSED_FUNCTION = YES;
				GCC_WARN_UNUSED_VARIABLE = YES;
				LOCALIZATION_PREFERS_STRING_CATALOGS = YES;
				MACOSX_DEPLOYMENT_TARGET = 12.4;
				MTL_ENABLE_DEBUG_INFO = NO;
				MTL_FAST_MATH = YES;
				SDKROOT = macosx;
				SWIFT_COMPILATION_MODE = wholemodule;
			};
			name = Release;
		};
		0801FC372BBA43A600A47885 /* Debug */ = {
			isa = XCBuildConfiguration;
			buildSettings = {
				ASSETCATALOG_COMPILER_APPICON_NAME = AppIcon;
				ASSETCATALOG_COMPILER_GLOBAL_ACCENT_COLOR_NAME = AccentColor;
				ASSETCATALOG_COMPILER_INCLUDE_ALL_APPICON_ASSETS = NO;
				CODE_SIGN_ENTITLEMENTS = Keeper/Keeper.entitlements;
				"CODE_SIGN_IDENTITY[sdk=macosx*]" = "Apple Development";
				CODE_SIGN_STYLE = Automatic;
				COMBINE_HIDPI_IMAGES = YES;
				CURRENT_PROJECT_VERSION = 1;
				DEVELOPMENT_ASSET_PATHS = "\"Keeper/Preview Content\"";
				DEVELOPMENT_TEAM = TDB2JCC28X;
				ENABLE_HARDENED_RUNTIME = YES;
				ENABLE_PREVIEWS = YES;
				GENERATE_INFOPLIST_FILE = YES;
				INFOPLIST_KEY_CFBundleDisplayName = Keeper;
				INFOPLIST_KEY_LSApplicationCategoryType = "public.app-category.utilities";
				INFOPLIST_KEY_LSUIElement = YES;
				INFOPLIST_KEY_NSHumanReadableCopyright = "";
				LD_RUNPATH_SEARCH_PATHS = (
					"$(inherited)",
					"@executable_path/../Frameworks",
				);
				MACOSX_DEPLOYMENT_TARGET = 12.4;
				MARKETING_VERSION = v1.0;
				PRODUCT_BUNDLE_IDENTIFIER = com.yangshoulai.keeper;
				PRODUCT_NAME = "$(TARGET_NAME)";
				SWIFT_EMIT_LOC_STRINGS = YES;
				SWIFT_VERSION = 5.0;
			};
			name = Debug;
		};
		0801FC382BBA43A600A47885 /* Release */ = {
			isa = XCBuildConfiguration;
			buildSettings = {
				ASSETCATALOG_COMPILER_APPICON_NAME = AppIcon;
				ASSETCATALOG_COMPILER_GLOBAL_ACCENT_COLOR_NAME = AccentColor;
				ASSETCATALOG_COMPILER_INCLUDE_ALL_APPICON_ASSETS = NO;
				CODE_SIGN_ENTITLEMENTS = Keeper/Keeper.entitlements;
				"CODE_SIGN_IDENTITY[sdk=macosx*]" = "Apple Development";
				CODE_SIGN_STYLE = Automatic;
				COMBINE_HIDPI_IMAGES = YES;
				CURRENT_PROJECT_VERSION = 1;
				DEVELOPMENT_ASSET_PATHS = "\"Keeper/Preview Content\"";
				DEVELOPMENT_TEAM = TDB2JCC28X;
				ENABLE_HARDENED_RUNTIME = YES;
				ENABLE_PREVIEWS = YES;
				GENERATE_INFOPLIST_FILE = YES;
				INFOPLIST_KEY_CFBundleDisplayName = Keeper;
				INFOPLIST_KEY_LSApplicationCategoryType = "public.app-category.utilities";
				INFOPLIST_KEY_LSUIElement = YES;
				INFOPLIST_KEY_NSHumanReadableCopyright = "";
				LD_RUNPATH_SEARCH_PATHS = (
					"$(inherited)",
					"@executable_path/../Frameworks",
				);
				MACOSX_DEPLOYMENT_TARGET = 12.4;
				MARKETING_VERSION = v1.0;
				PRODUCT_BUNDLE_IDENTIFIER = com.yangshoulai.keeper;
				PRODUCT_NAME = "$(TARGET_NAME)";
				SWIFT_EMIT_LOC_STRINGS = YES;
				SWIFT_VERSION = 5.0;
			};
			name = Release;
		};
		08F3126D2BBC30CD00AF4044 /* Debug */ = {
			isa = XCBuildConfiguration;
			buildSettings = {
				ASSETCATALOG_COMPILER_APPICON_NAME = AppIcon;
				ASSETCATALOG_COMPILER_GLOBAL_ACCENT_COLOR_NAME = AccentColor;
				CODE_SIGN_ENTITLEMENTS = LaunchHelper/LaunchHelper.entitlements;
				"CODE_SIGN_IDENTITY[sdk=macosx*]" = "Apple Development";
				CODE_SIGN_STYLE = Automatic;
				COMBINE_HIDPI_IMAGES = YES;
				CURRENT_PROJECT_VERSION = 1;
				DEVELOPMENT_TEAM = TDB2JCC28X;
				GCC_C_LANGUAGE_STANDARD = gnu11;
				GENERATE_INFOPLIST_FILE = YES;
				INFOPLIST_KEY_CFBundleDisplayName = LaunchHelper;
				INFOPLIST_KEY_LSApplicationCategoryType = "public.app-category.utilities";
				INFOPLIST_KEY_LSBackgroundOnly = YES;
				INFOPLIST_KEY_NSHumanReadableCopyright = "";
				INFOPLIST_KEY_NSMainNibFile = "";
				INFOPLIST_KEY_NSPrincipalClass = NSApplication;
				LD_RUNPATH_SEARCH_PATHS = (
					"$(inherited)",
					"@executable_path/../Frameworks",
				);
				MACOSX_DEPLOYMENT_TARGET = 12.4;
				MARKETING_VERSION = v1.0;
				PRODUCT_BUNDLE_IDENTIFIER = com.yangshoulai.keeper.launcher;
				PRODUCT_NAME = "$(TARGET_NAME)";
				SKIP_INSTALL = YES;
				SWIFT_ACTIVE_COMPILATION_CONDITIONS = DEBUG;
				SWIFT_EMIT_LOC_STRINGS = YES;
				SWIFT_VERSION = 5.0;
			};
			name = Debug;
		};
		08F3126E2BBC30CD00AF4044 /* Release */ = {
			isa = XCBuildConfiguration;
			buildSettings = {
				ASSETCATALOG_COMPILER_APPICON_NAME = AppIcon;
				ASSETCATALOG_COMPILER_GLOBAL_ACCENT_COLOR_NAME = AccentColor;
				CODE_SIGN_ENTITLEMENTS = LaunchHelper/LaunchHelper.entitlements;
				"CODE_SIGN_IDENTITY[sdk=macosx*]" = "Apple Development";
				CODE_SIGN_STYLE = Automatic;
				COMBINE_HIDPI_IMAGES = YES;
				CURRENT_PROJECT_VERSION = 1;
				DEVELOPMENT_TEAM = TDB2JCC28X;
				GCC_C_LANGUAGE_STANDARD = gnu11;
				GENERATE_INFOPLIST_FILE = YES;
				INFOPLIST_KEY_CFBundleDisplayName = LaunchHelper;
				INFOPLIST_KEY_LSApplicationCategoryType = "public.app-category.utilities";
				INFOPLIST_KEY_LSBackgroundOnly = YES;
				INFOPLIST_KEY_NSHumanReadableCopyright = "";
				INFOPLIST_KEY_NSMainNibFile = "";
				INFOPLIST_KEY_NSPrincipalClass = NSApplication;
				LD_RUNPATH_SEARCH_PATHS = (
					"$(inherited)",
					"@executable_path/../Frameworks",
				);
				MACOSX_DEPLOYMENT_TARGET = 12.4;
				MARKETING_VERSION = v1.0;
				PRODUCT_BUNDLE_IDENTIFIER = com.yangshoulai.keeper.launcher;
				PRODUCT_NAME = "$(TARGET_NAME)";
				SKIP_INSTALL = YES;
				SWIFT_EMIT_LOC_STRINGS = YES;
				SWIFT_OPTIMIZATION_LEVEL = "-O";
				SWIFT_VERSION = 5.0;
			};
			name = Release;
		};
/* End XCBuildConfiguration section */

/* Begin XCConfigurationList section */
		0801FC222BBA43A500A47885 /* Build configuration list for PBXProject "Keeper" */ = {
			isa = XCConfigurationList;
			buildConfigurations = (
				0801FC342BBA43A600A47885 /* Debug */,
				0801FC352BBA43A600A47885 /* Release */,
			);
			defaultConfigurationIsVisible = 0;
			defaultConfigurationName = Release;
		};
		0801FC362BBA43A600A47885 /* Build configuration list for PBXNativeTarget "Keeper" */ = {
			isa = XCConfigurationList;
			buildConfigurations = (
				0801FC372BBA43A600A47885 /* Debug */,
				0801FC382BBA43A600A47885 /* Release */,
			);
			defaultConfigurationIsVisible = 0;
			defaultConfigurationName = Release;
		};
		08F3126C2BBC30CD00AF4044 /* Build configuration list for PBXNativeTarget "LaunchHelper" */ = {
			isa = XCConfigurationList;
			buildConfigurations = (
				08F3126D2BBC30CD00AF4044 /* Debug */,
				08F3126E2BBC30CD00AF4044 /* Release */,
			);
			defaultConfigurationIsVisible = 0;
			defaultConfigurationName = Release;
		};
/* End XCConfigurationList section */
	};
	rootObject = 0801FC1F2BBA43A500A47885 /* Project object */;
}
